
Microsoft Visual Studio Solution File, Format Version 12.00
# Visual Studio 2012
Project("{FAE04EC0-301F-11D3-BF4B-00C04F79EFBC}") = "CSProjSorter", "CSProjSorter\CSProjSorter.csproj", "{DF19C8F7-C47F-40DE-BB97-1972DB3822F3}"
EndProject
Project("{FAE04EC0-301F-11D3-BF4B-00C04F79EFBC}") = "CSProjSorter.Tests", "CSProjSorter.Tests\CSProjSorter.Tests.csproj", "{71A3005F-1730-4C25-BF29-A18AD6B656BD}"
EndProject
Global
	GlobalSection(SolutionConfigurationPlatforms) = preSolution
		Debug|Any CPU = Debug|Any CPU
		Release|Any CPU = Release|Any CPU
	EndGlobalSection
	GlobalSection(ProjectConfigurationPlatforms) = postSolution
		{DF19C8F7-C47F-40DE-BB97-1972DB3822F3}.Debug|Any CPU.ActiveCfg = Debug|Any CPU
		{DF19C8F7-C47F-40DE-BB97-1972DB3822F3}.Debug|Any CPU.Build.0 = Debug|Any CPU
		{DF19C8F7-C47F-40DE-BB97-1972DB3822F3}.Release|Any CPU.ActiveCfg = Release|Any CPU
		{DF19C8F7-C47F-40DE-BB97-1972DB3822F3}.Release|Any CPU.Build.0 = Release|Any CPU
		{71A3005F-1730-4C25-BF29-A18AD6B656BD}.Debug|Any CPU.ActiveCfg = Debug|Any CPU
		{71A3005F-1730-4C25-BF29-A18AD6B656BD}.Debug|Any CPU.Build.0 = Debug|Any CPU
		{71A3005F-1730-4C25-BF29-A18AD6B656BD}.Release|Any CPU.ActiveCfg = Release|Any CPU
		{71A3005F-1730-4C25-BF29-A18AD6B656BD}.Release|Any CPU.Build.0 = Release|Any CPU
	EndGlobalSection
	GlobalSection(SolutionProperties) = preSolution
		HideSolutionNode = FALSE
	EndGlobalSection
EndGlobal
